{
  "pins" : [
    {
      "identity" : "uigradient",
      "kind" : "remoteSourceControl",
      "location" : "https://github.com/dqhieu/UIGradient.git",
      "state" : {
        "revision" : "2f559b064ddbca24f5994e8f923bb1ddf6a6be7d",
        "version" : "1.3.2"
      }
    }
  ],
  "version" : 2
}
